
Microsoft Visual Studio Solution File, Format Version 12.00
# Visual Studio Version 17
VisualStudioVersion = 17.5.33530.505
MinimumVisualStudioVersion = 10.0.40219.1
Project("{FAE04EC0-301F-11D3-BF4B-00C04F79EFBC}") = "Disablewebpage", "Disablewebpage\Disablewebpage.csproj", "{0ACC67DD-68AE-4BA2-A6E9-7783F1AAB4A6}"
EndProject
Global
	GlobalSection(SolutionConfigurationPlatforms) = preSolution
		Debug|Any CPU = Debug|Any CPU
		Release|Any CPU = Release|Any CPU
	EndGlobalSection
	GlobalSection(ProjectConfigurationPlatforms) = postSolution
		{0ACC67DD-68AE-4BA2-A6E9-7783F1AAB4A6}.Debug|Any CPU.ActiveCfg = Debug|Any CPU
		{0ACC67DD-68AE-4BA2-A6E9-7783F1AAB4A6}.Debug|Any CPU.Build.0 = Debug|Any CPU
		{0ACC67DD-68AE-4BA2-A6E9-7783F1AAB4A6}.Release|Any CPU.ActiveCfg = Release|Any CPU
		{0ACC67DD-68AE-4BA2-A6E9-7783F1AAB4A6}.Release|Any CPU.Build.0 = Release|Any CPU
	EndGlobalSection
	GlobalSection(SolutionProperties) = preSolution
		HideSolutionNode = FALSE
	EndGlobalSection
	GlobalSection(ExtensibilityGlobals) = postSolution
		SolutionGuid = {92D3B440-57D7-4524-96C9-64937C8D8C99}
	EndGlobalSection
EndGlobal
